// !$*UTF8*$!
{
	archiveVersion = 1;
	classes = {
	};
	objectVersion = 50;
	objects = {

/* Begin PBXBuildFile section */
		11542C4B249E4AAE0058DB54 /* TimePitchStreamer.swift in Sources */ = {isa = PBXBuildFile; fileRef = 11542C4A249E4AAE0058DB54 /* TimePitchStreamer.swift */; };
		1163F6AC24990A34001BECEB /* AppDelegate.swift in Sources */ = {isa = PBXBuildFile; fileRef = 1163F6AB24990A34001BECEB /* AppDelegate.swift */; };
		1163F6AE24990A34001BECEB /* SceneDelegate.swift in Sources */ = {isa = PBXBuildFile; fileRef = 1163F6AD24990A34001BECEB /* SceneDelegate.swift */; };
		1163F6B024990A34001BECEB /* ViewController.swift in Sources */ = {isa = PBXBuildFile; fileRef = 1163F6AF24990A34001BECEB /* ViewController.swift */; };
		1163F6B324990A34001BECEB /* Main.storyboard in Resources */ = {isa = PBXBuildFile; fileRef = 1163F6B124990A34001BECEB /* Main.storyboard */; };
		1163F6B524990A39001BECEB /* Assets.xcassets in Resources */ = {isa = PBXBuildFile; fileRef = 1163F6B424990A39001BECEB /* Assets.xcassets */; };
		1163F6B824990A39001BECEB /* LaunchScreen.storyboard in Resources */ = {isa = PBXBuildFile; fileRef = 1163F6B624990A39001BECEB /* LaunchScreen.storyboard */; };
		1163F6C224990A77001BECEB /* StreamDownloadServices.swift in Sources */ = {isa = PBXBuildFile; fileRef = 1163F6C024990A77001BECEB /* StreamDownloadServices.swift */; };
		1163F6C324990A77001BECEB /* DownloadingServices.swift in Sources */ = {isa = PBXBuildFile; fileRef = 1163F6C124990A77001BECEB /* DownloadingServices.swift */; };
		1163F6C724990ADD001BECEB /* StreamParsingServices.swift in Sources */ = {isa = PBXBuildFile; fileRef = 1163F6C524990ADD001BECEB /* StreamParsingServices.swift */; };
		1163F6C824990ADD001BECEB /* ParsingServices.swift in Sources */ = {isa = PBXBuildFile; fileRef = 1163F6C624990ADD001BECEB /* ParsingServices.swift */; };
		1163F6CB24990AF7001BECEB /* Extensions.swift in Sources */ = {isa = PBXBuildFile; fileRef = 1163F6CA24990AF7001BECEB /* Extensions.swift */; };
		1163F6CE2499C28F001BECEB /* ConvertingServices.swift in Sources */ = {isa = PBXBuildFile; fileRef = 1163F6CD2499C28F001BECEB /* ConvertingServices.swift */; };
		1163F6D02499C9DE001BECEB /* StreamConvertingServices.swift in Sources */ = {isa = PBXBuildFile; fileRef = 1163F6CF2499C9DE001BECEB /* StreamConvertingServices.swift */; };
		1163F6D3249B5649001BECEB /* StreamingServices.swift in Sources */ = {isa = PBXBuildFile; fileRef = 1163F6D2249B5649001BECEB /* StreamingServices.swift */; };
		1163F6D5249B6C52001BECEB /* Streamer.swift in Sources */ = {isa = PBXBuildFile; fileRef = 1163F6D4249B6C52001BECEB /* Streamer.swift */; };
/* End PBXBuildFile section */

/* Begin PBXFileReference section */
		11542C4A249E4AAE0058DB54 /* TimePitchStreamer.swift */ = {isa = PBXFileReference; lastKnownFileType = sourcecode.swift; path = TimePitchStreamer.swift; sourceTree = "<group>"; };
		1163F6A824990A34001BECEB /* 06_audioEngineStreamer.app */ = {isa = PBXFileReference; explicitFileType = wrapper.application; includeInIndex = 0; path = 06_audioEngineStreamer.app; sourceTree = BUILT_PRODUCTS_DIR; };
		1163F6AB24990A34001BECEB /* AppDelegate.swift */ = {isa = PBXFileReference; lastKnownFileType = sourcecode.swift; path = AppDelegate.swift; sourceTree = "<group>"; };
		1163F6AD24990A34001BECEB /* SceneDelegate.swift */ = {isa = PBXFileReference; lastKnownFileType = sourcecode.swift; path = SceneDelegate.swift; sourceTree = "<group>"; };
		1163F6AF24990A34001BECEB /* ViewController.swift */ = {isa = PBXFileReference; lastKnownFileType = sourcecode.swift; path = ViewController.swift; sourceTree = "<group>"; };
		1163F6B224990A34001BECEB /* Base */ = {isa = PBXFileReference; lastKnownFileType = file.storyboard; name = Base; path = Base.lproj/Main.storyboard; sourceTree = "<group>"; };
		1163F6B424990A39001BECEB /* Assets.xcassets */ = {isa = PBXFileReference; lastKnownFileType = folder.assetcatalog; path = Assets.xcassets; sourceTree = "<group>"; };
		1163F6B724990A39001BECEB /* Base */ = {isa = PBXFileReference; lastKnownFileType = file.storyboard; name = Base; path = Base.lproj/LaunchScreen.storyboard; sourceTree = "<group>"; };
		1163F6B924990A39001BECEB /* Info.plist */ = {isa = PBXFileReference; lastKnownFileType = text.plist.xml; path = Info.plist; sourceTree = "<group>"; };
		1163F6C024990A77001BECEB /* StreamDownloadServices.swift */ = {isa = PBXFileReference; fileEncoding = 4; lastKnownFileType = sourcecode.swift; path = StreamDownloadServices.swift; sourceTree = "<group>"; };
		1163F6C124990A77001BECEB /* DownloadingServices.swift */ = {isa = PBXFileReference; fileEncoding = 4; lastKnownFileType = sourcecode.swift; path = DownloadingServices.swift; sourceTree = "<group>"; };
		1163F6C524990ADD001BECEB /* StreamParsingServices.swift */ = {isa = PBXFileReference; fileEncoding = 4; lastKnownFileType = sourcecode.swift; path = StreamParsingServices.swift; sourceTree = "<group>"; };
		1163F6C624990ADD001BECEB /* ParsingServices.swift */ = {isa = PBXFileReference; fileEncoding = 4; lastKnownFileType = sourcecode.swift; path = ParsingServices.swift; sourceTree = "<group>"; };
		1163F6CA24990AF7001BECEB /* Extensions.swift */ = {isa = PBXFileReference; fileEncoding = 4; lastKnownFileType = sourcecode.swift; path = Extensions.swift; sourceTree = "<group>"; };
		1163F6CD2499C28F001BECEB /* ConvertingServices.swift */ = {isa = PBXFileReference; lastKnownFileType = sourcecode.swift; path = ConvertingServices.swift; sourceTree = "<group>"; };
		1163F6CF2499C9DE001BECEB /* StreamConvertingServices.swift */ = {isa = PBXFileReference; lastKnownFileType = sourcecode.swift; path = StreamConvertingServices.swift; sourceTree = "<group>"; };
		1163F6D2249B5649001BECEB /* StreamingServices.swift */ = {isa = PBXFileReference; lastKnownFileType = sourcecode.swift; path = StreamingServices.swift; sourceTree = "<group>"; };
		1163F6D4249B6C52001BECEB /* Streamer.swift */ = {isa = PBXFileReference; lastKnownFileType = sourcecode.swift; path = Streamer.swift; sourceTree = "<group>"; };
/* End PBXFileReference section */

/* Begin PBXFrameworksBuildPhase section */
		1163F6A524990A34001BECEB /* Frameworks */ = {
			isa = PBXFrameworksBuildPhase;
			buildActionMask = 2147483647;
			files = (
			);
			runOnlyForDeploymentPostprocessing = 0;
		};
/* End PBXFrameworksBuildPhase section */

/* Begin PBXGroup section */
		1163F69F24990A34001BECEB = {
			isa = PBXGroup;
			children = (
				1163F6AA24990A34001BECEB /* 06_audioEngineStreamer */,
				1163F6A924990A34001BECEB /* Products */,
			);
			sourceTree = "<group>";
		};
		1163F6A924990A34001BECEB /* Products */ = {
			isa = PBXGroup;
			children = (
				1163F6A824990A34001BECEB /* 06_audioEngineStreamer.app */,
			);
			name = Products;
			sourceTree = "<group>";
		};
		1163F6AA24990A34001BECEB /* 06_audioEngineStreamer */ = {
			isa = PBXGroup;
			children = (
				1163F6C924990AE2001BECEB /* Extension */,
				1163F6BF24990A48001BECEB /* Downloading */,
				1163F6C424990ACD001BECEB /* Parsing */,
				1163F6CC2499C1D3001BECEB /* Converting */,
				1163F6D1249B561E001BECEB /* Streaming */,
				1163F6AB24990A34001BECEB /* AppDelegate.swift */,
				1163F6AD24990A34001BECEB /* SceneDelegate.swift */,
				1163F6AF24990A34001BECEB /* ViewController.swift */,
				1163F6B124990A34001BECEB /* Main.storyboard */,
				1163F6B424990A39001BECEB /* Assets.xcassets */,
				1163F6B624990A39001BECEB /* LaunchScreen.storyboard */,
				1163F6B924990A39001BECEB /* Info.plist */,
			);
			path = 06_audioEngineStreamer;
			sourceTree = "<group>";
		};
		1163F6BF24990A48001BECEB /* Downloading */ = {
			isa = PBXGroup;
			children = (
				1163F6C124990A77001BECEB /* DownloadingServices.swift */,
				1163F6C024990A77001BECEB /* StreamDownloadServices.swift */,
			);
			path = Downloading;
			sourceTree = "<group>";
		};
		1163F6C424990ACD001BECEB /* Parsing */ = {
			isa = PBXGroup;
			children = (
				1163F6C624990ADD001BECEB /* ParsingServices.swift */,
				1163F6C524990ADD001BECEB /* StreamParsingServices.swift */,
			);
			path = Parsing;
			sourceTree = "<group>";
		};
		1163F6C924990AE2001BECEB /* Extension */ = {
			isa = PBXGroup;
			children = (
				1163F6CA24990AF7001BECEB /* Extensions.swift */,
			);
			path = Extension;
			sourceTree = "<group>";
		};
		1163F6CC2499C1D3001BECEB /* Converting */ = {
			isa = PBXGroup;
			children = (
				1163F6CD2499C28F001BECEB /* ConvertingServices.swift */,
				1163F6CF2499C9DE001BECEB /* StreamConvertingServices.swift */,
			);
			path = Converting;
			sourceTree = "<group>";
		};
		1163F6D1249B561E001BECEB /* Streaming */ = {
			isa = PBXGroup;
			children = (
				1163F6D2249B5649001BECEB /* StreamingServices.swift */,
				1163F6D4249B6C52001BECEB /* Streamer.swift */,
				11542C4A249E4AAE0058DB54 /* TimePitchStreamer.swift */,
			);
			path = Streaming;
			sourceTree = "<group>";
		};
/* End PBXGroup section */

/* Begin PBXNativeTarget section */
		1163F6A724990A34001BECEB /* 06_audioEngineStreamer */ = {
			isa = PBXNativeTarget;
			buildConfigurationList = 1163F6BC24990A39001BECEB /* Build configuration list for PBXNativeTarget "06_audioEngineStreamer" */;
			buildPhases = (
				1163F6A424990A34001BECEB /* Sources */,
				1163F6A524990A34001BECEB /* Frameworks */,
				1163F6A624990A34001BECEB /* Resources */,
			);
			buildRules = (
			);
			dependencies = (
			);
			name = 06_audioEngineStreamer;
			productName = 06_audioEngineStreamer;
			productReference = 1163F6A824990A34001BECEB /* 06_audioEngineStreamer.app */;
			productType = "com.apple.product-type.application";
		};
/* End PBXNativeTarget section */

/* Begin PBXProject section */
		1163F6A024990A34001BECEB /* Project object */ = {
			isa = PBXProject;
			attributes = {
				LastSwiftUpdateCheck = 1130;
				LastUpgradeCheck = 1130;
				ORGANIZATIONNAME = sy;
				TargetAttributes = {
					1163F6A724990A34001BECEB = {
						CreatedOnToolsVersion = 11.3.1;
					};
				};
			};
			buildConfigurationList = 1163F6A324990A34001BECEB /* Build configuration list for PBXProject "06_audioEngineStreamer" */;
			compatibilityVersion = "Xcode 9.3";
			developmentRegion = en;
			hasScannedForEncodings = 0;
			knownRegions = (
				en,
				Base,
			);
			mainGroup = 1163F69F24990A34001BECEB;
			productRefGroup = 1163F6A924990A34001BECEB /* Products */;
			projectDirPath = "";
			projectRoot = "";
			targets = (
				1163F6A724990A34001BECEB /* 06_audioEngineStreamer */,
			);
		};
/* End PBXProject section */

/* Begin PBXResourcesBuildPhase section */
		1163F6A624990A34001BECEB /* Resources */ = {
			isa = PBXResourcesBuildPhase;
			buildActionMask = 2147483647;
			files = (
				1163F6B824990A39001BECEB /* LaunchScreen.storyboard in Resources */,
				1163F6B524990A39001BECEB /* Assets.xcassets in Resources */,
				1163F6B324990A34001BECEB /* Main.storyboard in Resources */,
			);
			runOnlyForDeploymentPostprocessing = 0;
		};
/* End PBXResourcesBuildPhase section */

/* Begin PBXSourcesBuildPhase section */
		1163F6A424990A34001BECEB /* Sources */ = {
			isa = PBXSourcesBuildPhase;
			buildActionMask = 2147483647;
			files = (
				1163F6D02499C9DE001BECEB /* StreamConvertingServices.swift in Sources */,
				1163F6B024990A34001BECEB /* ViewController.swift in Sources */,
				1163F6AC24990A34001BECEB /* AppDelegate.swift in Sources */,
				1163F6C724990ADD001BECEB /* StreamParsingServices.swift in Sources */,
				1163F6CB24990AF7001BECEB /* Extensions.swift in Sources */,
				1163F6AE24990A34001BECEB /* SceneDelegate.swift in Sources */,
				1163F6C324990A77001BECEB /* DownloadingServices.swift in Sources */,
				1163F6D3249B5649001BECEB /* StreamingServices.swift in Sources */,
				1163F6CE2499C28F001BECEB /* ConvertingServices.swift in Sources */,
				1163F6C824990ADD001BECEB /* ParsingServices.swift in Sources */,
				1163F6C224990A77001BECEB /* StreamDownloadServices.swift in Sources */,
				1163F6D5249B6C52001BECEB /* Streamer.swift in Sources */,
				11542C4B249E4AAE0058DB54 /* TimePitchStreamer.swift in Sources */,
			);
			runOnlyForDeploymentPostprocessing = 0;
		};
/* End PBXSourcesBuildPhase section */

/* Begin PBXVariantGroup section */
		1163F6B124990A34001BECEB /* Main.storyboard */ = {
			isa = PBXVariantGroup;
			children = (
				1163F6B224990A34001BECEB /* Base */,
			);
			name = Main.storyboard;
			sourceTree = "<group>";
		};
		1163F6B624990A39001BECEB /* LaunchScreen.storyboard */ = {
			isa = PBXVariantGroup;
			children = (
				1163F6B724990A39001BECEB /* Base */,
			);
			name = LaunchScreen.storyboard;
			sourceTree = "<group>";
		};
/* End PBXVariantGroup section */

/* Begin XCBuildConfiguration section */
		1163F6BA24990A39001BECEB /* Debug */ = {
			isa = XCBuildConfiguration;
			buildSettings = {
				ALWAYS_SEARCH_USER_PATHS = NO;
				CLANG_ANALYZER_NONNULL = YES;
				CLANG_ANALYZER_NUMBER_OBJECT_CONVERSION = YES_AGGRESSIVE;
				CLANG_CXX_LANGUAGE_STANDARD = "gnu++14";
				CLANG_CXX_LIBRARY = "libc++";
				CLANG_ENABLE_MODULES = YES;
				CLANG_ENABLE_OBJC_ARC = YES;
				CLANG_ENABLE_OBJC_WEAK = YES;
				CLANG_WARN_BLOCK_CAPTURE_AUTORELEASING = YES;
				CLANG_WARN_BOOL_CONVERSION = YES;
				CLANG_WARN_COMMA = YES;
				CLANG_WARN_CONSTANT_CONVERSION = YES;
				CLANG_WARN_DEPRECATED_OBJC_IMPLEMENTATIONS = YES;
				CLANG_WARN_DIRECT_OBJC_ISA_USAGE = YES_ERROR;
				CLANG_WARN_DOCUMENTATION_COMMENTS = YES;
				CLANG_WARN_EMPTY_BODY = YES;
				CLANG_WARN_ENUM_CONVERSION = YES;
				CLANG_WARN_INFINITE_RECURSION = YES;
				CLANG_WARN_INT_CONVERSION = YES;
				CLANG_WARN_NON_LITERAL_NULL_CONVERSION = YES;
				CLANG_WARN_OBJC_IMPLICIT_RETAIN_SELF = YES;
				CLANG_WARN_OBJC_LITERAL_CONVERSION = YES;
				CLANG_WARN_OBJC_ROOT_CLASS = YES_ERROR;
				CLANG_WARN_RANGE_LOOP_ANALYSIS = YES;
				CLANG_WARN_STRICT_PROTOTYPES = YES;
				CLANG_WARN_SUSPICIOUS_MOVE = YES;
				CLANG_WARN_UNGUARDED_AVAILABILITY = YES_AGGRESSIVE;
				CLANG_WARN_UNREACHABLE_CODE = YES;
				CLANG_WARN__DUPLICATE_METHOD_MATCH = YES;
				COPY_PHASE_STRIP = NO;
				DEBUG_INFORMATION_FORMAT = dwarf;
				ENABLE_STRICT_OBJC_MSGSEND = YES;
				ENABLE_TESTABILITY = YES;
				GCC_C_LANGUAGE_STANDARD = gnu11;
				GCC_DYNAMIC_NO_PIC = NO;
				GCC_NO_COMMON_BLOCKS = YES;
				GCC_OPTIMIZATION_LEVEL = 0;
				GCC_PREPROCESSOR_DEFINITIONS = (
					"DEBUG=1",
					"$(inherited)",
				);
				GCC_WARN_64_TO_32_BIT_CONVERSION = YES;
				GCC_WARN_ABOUT_RETURN_TYPE = YES_ERROR;
				GCC_WARN_UNDECLARED_SELECTOR = YES;
				GCC_WARN_UNINITIALIZED_AUTOS = YES_AGGRESSIVE;
				GCC_WARN_UNUSED_FUNCTION = YES;
				GCC_WARN_UNUSED_VARIABLE = YES;
				IPHONEOS_DEPLOYMENT_TARGET = 13.2;
				MTL_ENABLE_DEBUG_INFO = INCLUDE_SOURCE;
				MTL_FAST_MATH = YES;
				ONLY_ACTIVE_ARCH = YES;
				SDKROOT = iphoneos;
				SWIFT_ACTIVE_COMPILATION_CONDITIONS = DEBUG;
				SWIFT_OPTIMIZATION_LEVEL = "-Onone";
			};
			name = Debug;
		};
		1163F6BB24990A39001BECEB /* Release */ = {
			isa = XCBuildConfiguration;
			buildSettings = {
				ALWAYS_SEARCH_USER_PATHS = NO;
				CLANG_ANALYZER_NONNULL = YES;
				CLANG_ANALYZER_NUMBER_OBJECT_CONVERSION = YES_AGGRESSIVE;
				CLANG_CXX_LANGUAGE_STANDARD = "gnu++14";
				CLANG_CXX_LIBRARY = "libc++";
				CLANG_ENABLE_MODULES = YES;
				CLANG_ENABLE_OBJC_ARC = YES;
				CLANG_ENABLE_OBJC_WEAK = YES;
				CLANG_WARN_BLOCK_CAPTURE_AUTORELEASING = YES;
				CLANG_WARN_BOOL_CONVERSION = YES;
				CLANG_WARN_COMMA = YES;
				CLANG_WARN_CONSTANT_CONVERSION = YES;
				CLANG_WARN_DEPRECATED_OBJC_IMPLEMENTATIONS = YES;
				CLANG_WARN_DIRECT_OBJC_ISA_USAGE = YES_ERROR;
				CLANG_WARN_DOCUMENTATION_COMMENTS = YES;
				CLANG_WARN_EMPTY_BODY = YES;
				CLANG_WARN_ENUM_CONVERSION = YES;
				CLANG_WARN_INFINITE_RECURSION = YES;
				CLANG_WARN_INT_CONVERSION = YES;
				CLANG_WARN_NON_LITERAL_NULL_CONVERSION = YES;
				CLANG_WARN_OBJC_IMPLICIT_RETAIN_SELF = YES;
				CLANG_WARN_OBJC_LITERAL_CONVERSION = YES;
				CLANG_WARN_OBJC_ROOT_CLASS = YES_ERROR;
				CLANG_WARN_RANGE_LOOP_ANALYSIS = YES;
				CLANG_WARN_STRICT_PROTOTYPES = YES;
				CLANG_WARN_SUSPICIOUS_MOVE = YES;
				CLANG_WARN_UNGUARDED_AVAILABILITY = YES_AGGRESSIVE;
				CLANG_WARN_UNREACHABLE_CODE = YES;
				CLANG_WARN__DUPLICATE_METHOD_MATCH = YES;
				COPY_PHASE_STRIP = NO;
				DEBUG_INFORMATION_FORMAT = "dwarf-with-dsym";
				ENABLE_NS_ASSERTIONS = NO;
				ENABLE_STRICT_OBJC_MSGSEND = YES;
				GCC_C_LANGUAGE_STANDARD = gnu11;
				GCC_NO_COMMON_BLOCKS = YES;
				GCC_WARN_64_TO_32_BIT_CONVERSION = YES;
				GCC_WARN_ABOUT_RETURN_TYPE = YES_ERROR;
				GCC_WARN_UNDECLARED_SELECTOR = YES;
				GCC_WARN_UNINITIALIZED_AUTOS = YES_AGGRESSIVE;
				GCC_WARN_UNUSED_FUNCTION = YES;
				GCC_WARN_UNUSED_VARIABLE = YES;
				IPHONEOS_DEPLOYMENT_TARGET = 13.2;
				MTL_ENABLE_DEBUG_INFO = NO;
				MTL_FAST_MATH = YES;
				SDKROOT = iphoneos;
				SWIFT_COMPILATION_MODE = wholemodule;
				SWIFT_OPTIMIZATION_LEVEL = "-O";
				VALIDATE_PRODUCT = YES;
			};
			name = Release;
		};
		1163F6BD24990A39001BECEB /* Debug */ = {
			isa = XCBuildConfiguration;
			buildSettings = {
				ASSETCATALOG_COMPILER_APPICON_NAME = AppIcon;
				CODE_SIGN_STYLE = Automatic;
				DEVELOPMENT_TEAM = 7Q4QUU55W5;
				INFOPLIST_FILE = 06_audioEngineStreamer/Info.plist;
				LD_RUNPATH_SEARCH_PATHS = (
					"$(inherited)",
					"@executable_path/Frameworks",
				);
				PRODUCT_BUNDLE_IDENTIFIER = "com.personal.sy.-6-audioEngineStreamer";
				PRODUCT_NAME = "$(TARGET_NAME)";
				SWIFT_VERSION = 5.0;
				TARGETED_DEVICE_FAMILY = "1,2";
			};
			name = Debug;
		};
		1163F6BE24990A39001BECEB /* Release */ = {
			isa = XCBuildConfiguration;
			buildSettings = {
				ASSETCATALOG_COMPILER_APPICON_NAME = AppIcon;
				CODE_SIGN_STYLE = Automatic;
				DEVELOPMENT_TEAM = 7Q4QUU55W5;
				INFOPLIST_FILE = 06_audioEngineStreamer/Info.plist;
				LD_RUNPATH_SEARCH_PATHS = (
					"$(inherited)",
					"@executable_path/Frameworks",
				);
				PRODUCT_BUNDLE_IDENTIFIER = "com.personal.sy.-6-audioEngineStreamer";
				PRODUCT_NAME = "$(TARGET_NAME)";
				SWIFT_VERSION = 5.0;
				TARGETED_DEVICE_FAMILY = "1,2";
			};
			name = Release;
		};
/* End XCBuildConfiguration section */

/* Begin XCConfigurationList section */
		1163F6A324990A34001BECEB /* Build configuration list for PBXProject "06_audioEngineStreamer" */ = {
			isa = XCConfigurationList;
			buildConfigurations = (
				1163F6BA24990A39001BECEB /* Debug */,
				1163F6BB24990A39001BECEB /* Release */,
			);
			defaultConfigurationIsVisible = 0;
			defaultConfigurationName = Release;
		};
		1163F6BC24990A39001BECEB /* Build configuration list for PBXNativeTarget "06_audioEngineStreamer" */ = {
			isa = XCConfigurationList;
			buildConfigurations = (
				1163F6BD24990A39001BECEB /* Debug */,
				1163F6BE24990A39001BECEB /* Release */,
			);
			defaultConfigurationIsVisible = 0;
			defaultConfigurationName = Release;
		};
/* End XCConfigurationList section */
	};
	rootObject = 1163F6A024990A34001BECEB /* Project object */;
}
