// !$*UTF8*$!
{
	archiveVersion = 1;
	classes = {
	};
	objectVersion = 50;
	objects = {

/* Begin PBXBuildFile section */
		1152E34423F28B940061E7CE /* TextLogger.swift in Sources */ = {isa = PBXBuildFile; fileRef = 1152E34323F28B940061E7CE /* TextLogger.swift */; };
		1152E34623F2A6830061E7CE /* CAAudioPlayer.swift in Sources */ = {isa = PBXBuildFile; fileRef = 1152E34523F2A6830061E7CE /* CAAudioPlayer.swift */; };
		1158883C23AE2DDE00763502 /* main.swift in Sources */ = {isa = PBXBuildFile; fileRef = 1158883B23AE2DDE00763502 /* main.swift */; };
		1158884323B4A73300763502 /* CAAudioRecorder.swift in Sources */ = {isa = PBXBuildFile; fileRef = 1158884223B4A73300763502 /* CAAudioRecorder.swift */; };
		11B884BC2482CD6000A1963A /* CAAudioRecorderDelegate.swift in Sources */ = {isa = PBXBuildFile; fileRef = 11B884BB2482CD6000A1963A /* CAAudioRecorderDelegate.swift */; };
		11B884BE2482CF1900A1963A /* Int32+Extension.swift in Sources */ = {isa = PBXBuildFile; fileRef = 11B884BD2482CF1900A1963A /* Int32+Extension.swift */; };
/* End PBXBuildFile section */

/* Begin PBXCopyFilesBuildPhase section */
		1158883623AE2DDE00763502 /* CopyFiles */ = {
			isa = PBXCopyFilesBuildPhase;
			buildActionMask = 2147483647;
			dstPath = /usr/share/man/man1/;
			dstSubfolderSpec = 0;
			files = (
			);
			runOnlyForDeploymentPostprocessing = 1;
		};
/* End PBXCopyFilesBuildPhase section */

/* Begin PBXFileReference section */
		1152E34323F28B940061E7CE /* TextLogger.swift */ = {isa = PBXFileReference; lastKnownFileType = sourcecode.swift; path = TextLogger.swift; sourceTree = "<group>"; };
		1152E34523F2A6830061E7CE /* CAAudioPlayer.swift */ = {isa = PBXFileReference; lastKnownFileType = sourcecode.swift; path = CAAudioPlayer.swift; sourceTree = "<group>"; };
		1158883823AE2DDE00763502 /* 02_caRecorderAndPlayer */ = {isa = PBXFileReference; explicitFileType = "compiled.mach-o.executable"; includeInIndex = 0; path = 02_caRecorderAndPlayer; sourceTree = BUILT_PRODUCTS_DIR; };
		1158883B23AE2DDE00763502 /* main.swift */ = {isa = PBXFileReference; lastKnownFileType = sourcecode.swift; path = main.swift; sourceTree = "<group>"; };
		1158884223B4A73300763502 /* CAAudioRecorder.swift */ = {isa = PBXFileReference; lastKnownFileType = sourcecode.swift; path = CAAudioRecorder.swift; sourceTree = "<group>"; };
		11B884BB2482CD6000A1963A /* CAAudioRecorderDelegate.swift */ = {isa = PBXFileReference; lastKnownFileType = sourcecode.swift; path = CAAudioRecorderDelegate.swift; sourceTree = "<group>"; };
		11B884BD2482CF1900A1963A /* Int32+Extension.swift */ = {isa = PBXFileReference; lastKnownFileType = sourcecode.swift; path = "Int32+Extension.swift"; sourceTree = "<group>"; };
/* End PBXFileReference section */

/* Begin PBXFrameworksBuildPhase section */
		1158883523AE2DDE00763502 /* Frameworks */ = {
			isa = PBXFrameworksBuildPhase;
			buildActionMask = 2147483647;
			files = (
			);
			runOnlyForDeploymentPostprocessing = 0;
		};
/* End PBXFrameworksBuildPhase section */

/* Begin PBXGroup section */
		1158882F23AE2DDE00763502 = {
			isa = PBXGroup;
			children = (
				1158883A23AE2DDE00763502 /* 02_caRecorderAndPlayer */,
				1158883923AE2DDE00763502 /* Products */,
			);
			sourceTree = "<group>";
		};
		1158883923AE2DDE00763502 /* Products */ = {
			isa = PBXGroup;
			children = (
				1158883823AE2DDE00763502 /* 02_caRecorderAndPlayer */,
			);
			name = Products;
			sourceTree = "<group>";
		};
		1158883A23AE2DDE00763502 /* 02_caRecorderAndPlayer */ = {
			isa = PBXGroup;
			children = (
				1158883B23AE2DDE00763502 /* main.swift */,
				1158884223B4A73300763502 /* CAAudioRecorder.swift */,
				1152E34523F2A6830061E7CE /* CAAudioPlayer.swift */,
				1152E34323F28B940061E7CE /* TextLogger.swift */,
				11B884BB2482CD6000A1963A /* CAAudioRecorderDelegate.swift */,
				11B884BD2482CF1900A1963A /* Int32+Extension.swift */,
			);
			path = 02_caRecorderAndPlayer;
			sourceTree = "<group>";
		};
/* End PBXGroup section */

/* Begin PBXNativeTarget section */
		1158883723AE2DDE00763502 /* 02_caRecorderAndPlayer */ = {
			isa = PBXNativeTarget;
			buildConfigurationList = 1158883F23AE2DDE00763502 /* Build configuration list for PBXNativeTarget "02_caRecorderAndPlayer" */;
			buildPhases = (
				1158883423AE2DDE00763502 /* Sources */,
				1158883523AE2DDE00763502 /* Frameworks */,
				1158883623AE2DDE00763502 /* CopyFiles */,
			);
			buildRules = (
			);
			dependencies = (
			);
			name = 02_caRecorderAndPlayer;
			productName = 02_caRecorderAndPlayer;
			productReference = 1158883823AE2DDE00763502 /* 02_caRecorderAndPlayer */;
			productType = "com.apple.product-type.tool";
		};
/* End PBXNativeTarget section */

/* Begin PBXProject section */
		1158883023AE2DDE00763502 /* Project object */ = {
			isa = PBXProject;
			attributes = {
				LastSwiftUpdateCheck = 1120;
				LastUpgradeCheck = 1120;
				ORGANIZATIONNAME = sy;
				TargetAttributes = {
					1158883723AE2DDE00763502 = {
						CreatedOnToolsVersion = 11.2.1;
					};
				};
			};
			buildConfigurationList = 1158883323AE2DDE00763502 /* Build configuration list for PBXProject "02_caRecorderAndPlayer" */;
			compatibilityVersion = "Xcode 9.3";
			developmentRegion = en;
			hasScannedForEncodings = 0;
			knownRegions = (
				en,
				Base,
			);
			mainGroup = 1158882F23AE2DDE00763502;
			productRefGroup = 1158883923AE2DDE00763502 /* Products */;
			projectDirPath = "";
			projectRoot = "";
			targets = (
				1158883723AE2DDE00763502 /* 02_caRecorderAndPlayer */,
			);
		};
/* End PBXProject section */

/* Begin PBXSourcesBuildPhase section */
		1158883423AE2DDE00763502 /* Sources */ = {
			isa = PBXSourcesBuildPhase;
			buildActionMask = 2147483647;
			files = (
				1158884323B4A73300763502 /* CAAudioRecorder.swift in Sources */,
				1152E34623F2A6830061E7CE /* CAAudioPlayer.swift in Sources */,
				1158883C23AE2DDE00763502 /* main.swift in Sources */,
				11B884BC2482CD6000A1963A /* CAAudioRecorderDelegate.swift in Sources */,
				11B884BE2482CF1900A1963A /* Int32+Extension.swift in Sources */,
				1152E34423F28B940061E7CE /* TextLogger.swift in Sources */,
			);
			runOnlyForDeploymentPostprocessing = 0;
		};
/* End PBXSourcesBuildPhase section */

/* Begin XCBuildConfiguration section */
		1158883D23AE2DDE00763502 /* Debug */ = {
			isa = XCBuildConfiguration;
			buildSettings = {
				ALWAYS_SEARCH_USER_PATHS = NO;
				CLANG_ANALYZER_NONNULL = YES;
				CLANG_ANALYZER_NUMBER_OBJECT_CONVERSION = YES_AGGRESSIVE;
				CLANG_CXX_LANGUAGE_STANDARD = "gnu++14";
				CLANG_CXX_LIBRARY = "libc++";
				CLANG_ENABLE_MODULES = YES;
				CLANG_ENABLE_OBJC_ARC = YES;
				CLANG_ENABLE_OBJC_WEAK = YES;
				CLANG_WARN_BLOCK_CAPTURE_AUTORELEASING = YES;
				CLANG_WARN_BOOL_CONVERSION = YES;
				CLANG_WARN_COMMA = YES;
				CLANG_WARN_CONSTANT_CONVERSION = YES;
				CLANG_WARN_DEPRECATED_OBJC_IMPLEMENTATIONS = YES;
				CLANG_WARN_DIRECT_OBJC_ISA_USAGE = YES_ERROR;
				CLANG_WARN_DOCUMENTATION_COMMENTS = YES;
				CLANG_WARN_EMPTY_BODY = YES;
				CLANG_WARN_ENUM_CONVERSION = YES;
				CLANG_WARN_INFINITE_RECURSION = YES;
				CLANG_WARN_INT_CONVERSION = YES;
				CLANG_WARN_NON_LITERAL_NULL_CONVERSION = YES;
				CLANG_WARN_OBJC_IMPLICIT_RETAIN_SELF = YES;
				CLANG_WARN_OBJC_LITERAL_CONVERSION = YES;
				CLANG_WARN_OBJC_ROOT_CLASS = YES_ERROR;
				CLANG_WARN_RANGE_LOOP_ANALYSIS = YES;
				CLANG_WARN_STRICT_PROTOTYPES = YES;
				CLANG_WARN_SUSPICIOUS_MOVE = YES;
				CLANG_WARN_UNGUARDED_AVAILABILITY = YES_AGGRESSIVE;
				CLANG_WARN_UNREACHABLE_CODE = YES;
				CLANG_WARN__DUPLICATE_METHOD_MATCH = YES;
				COPY_PHASE_STRIP = NO;
				DEBUG_INFORMATION_FORMAT = dwarf;
				ENABLE_STRICT_OBJC_MSGSEND = YES;
				ENABLE_TESTABILITY = YES;
				GCC_C_LANGUAGE_STANDARD = gnu11;
				GCC_DYNAMIC_NO_PIC = NO;
				GCC_NO_COMMON_BLOCKS = YES;
				GCC_OPTIMIZATION_LEVEL = 0;
				GCC_PREPROCESSOR_DEFINITIONS = (
					"DEBUG=1",
					"$(inherited)",
				);
				GCC_WARN_64_TO_32_BIT_CONVERSION = YES;
				GCC_WARN_ABOUT_RETURN_TYPE = YES_ERROR;
				GCC_WARN_UNDECLARED_SELECTOR = YES;
				GCC_WARN_UNINITIALIZED_AUTOS = YES_AGGRESSIVE;
				GCC_WARN_UNUSED_FUNCTION = YES;
				GCC_WARN_UNUSED_VARIABLE = YES;
				MACOSX_DEPLOYMENT_TARGET = 10.15;
				MTL_ENABLE_DEBUG_INFO = INCLUDE_SOURCE;
				MTL_FAST_MATH = YES;
				ONLY_ACTIVE_ARCH = YES;
				SDKROOT = macosx;
				SWIFT_ACTIVE_COMPILATION_CONDITIONS = DEBUG;
				SWIFT_OPTIMIZATION_LEVEL = "-Onone";
			};
			name = Debug;
		};
		1158883E23AE2DDE00763502 /* Release */ = {
			isa = XCBuildConfiguration;
			buildSettings = {
				ALWAYS_SEARCH_USER_PATHS = NO;
				CLANG_ANALYZER_NONNULL = YES;
				CLANG_ANALYZER_NUMBER_OBJECT_CONVERSION = YES_AGGRESSIVE;
				CLANG_CXX_LANGUAGE_STANDARD = "gnu++14";
				CLANG_CXX_LIBRARY = "libc++";
				CLANG_ENABLE_MODULES = YES;
				CLANG_ENABLE_OBJC_ARC = YES;
				CLANG_ENABLE_OBJC_WEAK = YES;
				CLANG_WARN_BLOCK_CAPTURE_AUTORELEASING = YES;
				CLANG_WARN_BOOL_CONVERSION = YES;
				CLANG_WARN_COMMA = YES;
				CLANG_WARN_CONSTANT_CONVERSION = YES;
				CLANG_WARN_DEPRECATED_OBJC_IMPLEMENTATIONS = YES;
				CLANG_WARN_DIRECT_OBJC_ISA_USAGE = YES_ERROR;
				CLANG_WARN_DOCUMENTATION_COMMENTS = YES;
				CLANG_WARN_EMPTY_BODY = YES;
				CLANG_WARN_ENUM_CONVERSION = YES;
				CLANG_WARN_INFINITE_RECURSION = YES;
				CLANG_WARN_INT_CONVERSION = YES;
				CLANG_WARN_NON_LITERAL_NULL_CONVERSION = YES;
				CLANG_WARN_OBJC_IMPLICIT_RETAIN_SELF = YES;
				CLANG_WARN_OBJC_LITERAL_CONVERSION = YES;
				CLANG_WARN_OBJC_ROOT_CLASS = YES_ERROR;
				CLANG_WARN_RANGE_LOOP_ANALYSIS = YES;
				CLANG_WARN_STRICT_PROTOTYPES = YES;
				CLANG_WARN_SUSPICIOUS_MOVE = YES;
				CLANG_WARN_UNGUARDED_AVAILABILITY = YES_AGGRESSIVE;
				CLANG_WARN_UNREACHABLE_CODE = YES;
				CLANG_WARN__DUPLICATE_METHOD_MATCH = YES;
				COPY_PHASE_STRIP = NO;
				DEBUG_INFORMATION_FORMAT = "dwarf-with-dsym";
				ENABLE_NS_ASSERTIONS = NO;
				ENABLE_STRICT_OBJC_MSGSEND = YES;
				GCC_C_LANGUAGE_STANDARD = gnu11;
				GCC_NO_COMMON_BLOCKS = YES;
				GCC_WARN_64_TO_32_BIT_CONVERSION = YES;
				GCC_WARN_ABOUT_RETURN_TYPE = YES_ERROR;
				GCC_WARN_UNDECLARED_SELECTOR = YES;
				GCC_WARN_UNINITIALIZED_AUTOS = YES_AGGRESSIVE;
				GCC_WARN_UNUSED_FUNCTION = YES;
				GCC_WARN_UNUSED_VARIABLE = YES;
				MACOSX_DEPLOYMENT_TARGET = 10.15;
				MTL_ENABLE_DEBUG_INFO = NO;
				MTL_FAST_MATH = YES;
				SDKROOT = macosx;
				SWIFT_COMPILATION_MODE = wholemodule;
				SWIFT_OPTIMIZATION_LEVEL = "-O";
			};
			name = Release;
		};
		1158884023AE2DDE00763502 /* Debug */ = {
			isa = XCBuildConfiguration;
			buildSettings = {
				CODE_SIGN_STYLE = Automatic;
				DEVELOPMENT_TEAM = 7Q4QUU55W5;
				ENABLE_HARDENED_RUNTIME = YES;
				PRODUCT_NAME = "$(TARGET_NAME)";
				SWIFT_VERSION = 5.0;
			};
			name = Debug;
		};
		1158884123AE2DDE00763502 /* Release */ = {
			isa = XCBuildConfiguration;
			buildSettings = {
				CODE_SIGN_STYLE = Automatic;
				DEVELOPMENT_TEAM = 7Q4QUU55W5;
				ENABLE_HARDENED_RUNTIME = YES;
				PRODUCT_NAME = "$(TARGET_NAME)";
				SWIFT_VERSION = 5.0;
			};
			name = Release;
		};
/* End XCBuildConfiguration section */

/* Begin XCConfigurationList section */
		1158883323AE2DDE00763502 /* Build configuration list for PBXProject "02_caRecorderAndPlayer" */ = {
			isa = XCConfigurationList;
			buildConfigurations = (
				1158883D23AE2DDE00763502 /* Debug */,
				1158883E23AE2DDE00763502 /* Release */,
			);
			defaultConfigurationIsVisible = 0;
			defaultConfigurationName = Release;
		};
		1158883F23AE2DDE00763502 /* Build configuration list for PBXNativeTarget "02_caRecorderAndPlayer" */ = {
			isa = XCConfigurationList;
			buildConfigurations = (
				1158884023AE2DDE00763502 /* Debug */,
				1158884123AE2DDE00763502 /* Release */,
			);
			defaultConfigurationIsVisible = 0;
			defaultConfigurationName = Release;
		};
/* End XCConfigurationList section */
	};
	rootObject = 1158883023AE2DDE00763502 /* Project object */;
}
